
Microsoft Visual Studio Solution File, Format Version 12.00
# Visual Studio Version 17
VisualStudioVersion = 17.9.34616.47
MinimumVisualStudioVersion = 10.0.40219.1
Project("{FAE04EC0-301F-11D3-BF4B-00C04F79EFBC}") = "ApiStaver", "ApiStaver\ApiStaver.csproj", "{CBA9FA7B-1A10-4E81-8CC9-52CB2CD5BB12}"
EndProject
Project("{E53339B2-1760-4266-BCC7-CA923CBCF16C}") = "docker-compose", "docker-compose.dcproj", "{7A88DFDC-4331-43E8-ABE3-75A66B13433C}"
EndProject
Project("{FAE04EC0-301F-11D3-BF4B-00C04F79EFBC}") = "ClientStaver", "ClientStaver\ClientStaver.csproj", "{2D825812-673C-41A8-A455-04CAE0034BC0}"
EndProject
Global
	GlobalSection(SolutionConfigurationPlatforms) = preSolution
		Debug|Any CPU = Debug|Any CPU
		Release|Any CPU = Release|Any CPU
	EndGlobalSection
	GlobalSection(ProjectConfigurationPlatforms) = postSolution
		{CBA9FA7B-1A10-4E81-8CC9-52CB2CD5BB12}.Debug|Any CPU.ActiveCfg = Debug|Any CPU
		{CBA9FA7B-1A10-4E81-8CC9-52CB2CD5BB12}.Debug|Any CPU.Build.0 = Debug|Any CPU
		{CBA9FA7B-1A10-4E81-8CC9-52CB2CD5BB12}.Release|Any CPU.ActiveCfg = Release|Any CPU
		{CBA9FA7B-1A10-4E81-8CC9-52CB2CD5BB12}.Release|Any CPU.Build.0 = Release|Any CPU
		{7A88DFDC-4331-43E8-ABE3-75A66B13433C}.Debug|Any CPU.ActiveCfg = Debug|Any CPU
		{7A88DFDC-4331-43E8-ABE3-75A66B13433C}.Debug|Any CPU.Build.0 = Debug|Any CPU
		{7A88DFDC-4331-43E8-ABE3-75A66B13433C}.Release|Any CPU.ActiveCfg = Release|Any CPU
		{7A88DFDC-4331-43E8-ABE3-75A66B13433C}.Release|Any CPU.Build.0 = Release|Any CPU
		{2D825812-673C-41A8-A455-04CAE0034BC0}.Debug|Any CPU.ActiveCfg = Debug|Any CPU
		{2D825812-673C-41A8-A455-04CAE0034BC0}.Debug|Any CPU.Build.0 = Debug|Any CPU
		{2D825812-673C-41A8-A455-04CAE0034BC0}.Release|Any CPU.ActiveCfg = Release|Any CPU
		{2D825812-673C-41A8-A455-04CAE0034BC0}.Release|Any CPU.Build.0 = Release|Any CPU
	EndGlobalSection
	GlobalSection(SolutionProperties) = preSolution
		HideSolutionNode = FALSE
	EndGlobalSection
	GlobalSection(ExtensibilityGlobals) = postSolution
		SolutionGuid = {A19B227F-5FD3-437F-B199-A32AE9E0B725}
	EndGlobalSection
EndGlobal
